
Microsoft Visual Studio Solution File, Format Version 12.00
# Visual Studio Version 17
VisualStudioVersion = 17.12.35707.178 d17.12
MinimumVisualStudioVersion = 10.0.40219.1
Project("{FAE04EC0-301F-11D3-BF4B-00C04F79EFBC}") = "Escuela2.0", "Escuela2.0\Escuela2.0.csproj", "{7BE7A5F0-9442-49DC-AA90-2ED90C05F0BC}"
EndProject
Global
	GlobalSection(SolutionConfigurationPlatforms) = preSolution
		Debug|Any CPU = Debug|Any CPU
		Release|Any CPU = Release|Any CPU
	EndGlobalSection
	GlobalSection(ProjectConfigurationPlatforms) = postSolution
		{7BE7A5F0-9442-49DC-AA90-2ED90C05F0BC}.Debug|Any CPU.ActiveCfg = Debug|Any CPU
		{7BE7A5F0-9442-49DC-AA90-2ED90C05F0BC}.Debug|Any CPU.Build.0 = Debug|Any CPU
		{7BE7A5F0-9442-49DC-AA90-2ED90C05F0BC}.Release|Any CPU.ActiveCfg = Release|Any CPU
		{7BE7A5F0-9442-49DC-AA90-2ED90C05F0BC}.Release|Any CPU.Build.0 = Release|Any CPU
	EndGlobalSection
	GlobalSection(SolutionProperties) = preSolution
		HideSolutionNode = FALSE
	EndGlobalSection
EndGlobal
